// !$*UTF8*$!
{
	archiveVersion = 1;
	classes = {
	};
	objectVersion = 77;
	objects = {

/* Begin PBXBuildFile section */
		A10000082F00000000000001 /* Timetable King Widgets.appex in Embed App Extensions */ = {isa = PBXBuildFile; fileRef = A10000012F00000000000001 /* Timetable King Widgets.appex */; settings = {ATTRIBUTES = (CodeSignOnCopy, RemoveHeadersOnCopy, ); }; };
/* End PBXBuildFile section */

/* Begin PBXContainerItemProxy section */
		A100000D2F00000000000001 /* PBXContainerItemProxy */ = {
			isa = PBXContainerItemProxy;
			containerPortal = F15EEC0F2E84476D00CD6CAD /* Project object */;
			proxyType = 1;
			remoteGlobalIDString = A10000092F00000000000001;
			remoteInfo = "Timetable King Widgets";
		};
		F15EEC292E84476F00CD6CAD /* PBXContainerItemProxy */ = {
			isa = PBXContainerItemProxy;
			containerPortal = F15EEC0F2E84476D00CD6CAD /* Project object */;
			proxyType = 1;
			remoteGlobalIDString = F15EEC162E84476D00CD6CAD;
			remoteInfo = "Timetable King";
		};
		F15EEC332E84476F00CD6CAD /* PBXContainerItemProxy */ = {
			isa = PBXContainerItemProxy;
			containerPortal = F15EEC0F2E84476D00CD6CAD /* Project object */;
			proxyType = 1;
			remoteGlobalIDString = F15EEC162E84476D00CD6CAD;
			remoteInfo = "Timetable King";
		};
/* End PBXContainerItemProxy section */

/* Begin PBXCopyFilesBuildPhase section */
		A10000072F00000000000001 /* Embed App Extensions */ = {
			isa = PBXCopyFilesBuildPhase;
			buildActionMask = 2147483647;
			dstPath = "";
			dstSubfolderSpec = 13;
			files = (
				A10000082F00000000000001 /* Timetable King Widgets.appex in Embed App Extensions */,
			);
			name = "Embed App Extensions";
			runOnlyForDeploymentPostprocessing = 0;
		};
/* End PBXCopyFilesBuildPhase section */

/* Begin PBXFileReference section */
		A10000012F00000000000001 /* Timetable King Widgets.appex */ = {isa = PBXFileReference; explicitFileType = "wrapper.app-extension"; includeInIndex = 0; path = "Timetable King Widgets.appex"; sourceTree = BUILT_PRODUCTS_DIR; };
		F15EEC172E84476D00CD6CAD /* Timetable King.app */ = {isa = PBXFileReference; explicitFileType = wrapper.application; includeInIndex = 0; path = "Timetable King.app"; sourceTree = BUILT_PRODUCTS_DIR; };
		F15EEC282E84476F00CD6CAD /* Timetable KingTests.xctest */ = {isa = PBXFileReference; explicitFileType = wrapper.cfbundle; includeInIndex = 0; path = "Timetable KingTests.xctest"; sourceTree = BUILT_PRODUCTS_DIR; };
		F15EEC322E84476F00CD6CAD /* Timetable KingUITests.xctest */ = {isa = PBXFileReference; explicitFileType = wrapper.cfbundle; includeInIndex = 0; path = "Timetable KingUITests.xctest"; sourceTree = BUILT_PRODUCTS_DIR; };
/* End PBXFileReference section */

/* Begin PBXFileSystemSynchronizedBuildFileExceptionSet section */
		A100000F2F00000000000001 /* Exceptions for "Timetable King Widgets" folder in "Timetable King Widgets" target */ = {
			isa = PBXFileSystemSynchronizedBuildFileExceptionSet;
			membershipExceptions = (
				Info.plist,
			);
			target = A10000092F00000000000001 /* Timetable King Widgets */;
		};
		F15EEC3A2E84476F00CD6CAD /* Exceptions for "Timetable King" folder in "Timetable King" target */ = {
			isa = PBXFileSystemSynchronizedBuildFileExceptionSet;
			membershipExceptions = (
				Info.plist,
			);
			target = F15EEC162E84476D00CD6CAD /* Timetable King */;
		};
/* End PBXFileSystemSynchronizedBuildFileExceptionSet section */

/* Begin PBXFileSystemSynchronizedRootGroup section */
		A10000022F00000000000001 /* Timetable King Shared */ = {
			isa = PBXFileSystemSynchronizedRootGroup;
			path = "Timetable King Shared";
			sourceTree = "<group>";
		};
		A10000032F00000000000001 /* Timetable King Widgets */ = {
			isa = PBXFileSystemSynchronizedRootGroup;
			exceptions = (
				A100000F2F00000000000001 /* Exceptions for "Timetable King Widgets" folder in "Timetable King Widgets" target */,
			);
			path = "Timetable King Widgets";
			sourceTree = "<group>";
		};
		F15EEC192E84476D00CD6CAD /* Timetable King */ = {
			isa = PBXFileSystemSynchronizedRootGroup;
			exceptions = (
				F15EEC3A2E84476F00CD6CAD /* Exceptions for "Timetable King" folder in "Timetable King" target */,
			);
			path = "Timetable King";
			sourceTree = "<group>";
		};
		F15EEC2B2E84476F00CD6CAD /* Timetable KingTests */ = {
			isa = PBXFileSystemSynchronizedRootGroup;
			path = "Timetable KingTests";
			sourceTree = "<group>";
		};
		F15EEC352E84476F00CD6CAD /* Timetable KingUITests */ = {
			isa = PBXFileSystemSynchronizedRootGroup;
			path = "Timetable KingUITests";
			sourceTree = "<group>";
		};
/* End PBXFileSystemSynchronizedRootGroup section */

/* Begin PBXFrameworksBuildPhase section */
		A10000052F00000000000001 /* Frameworks */ = {
			isa = PBXFrameworksBuildPhase;
			buildActionMask = 2147483647;
			files = (
			);
			runOnlyForDeploymentPostprocessing = 0;
		};
		F15EEC142E84476D00CD6CAD /* Frameworks */ = {
			isa = PBXFrameworksBuildPhase;
			buildActionMask = 2147483647;
			files = (
			);
			runOnlyForDeploymentPostprocessing = 0;
		};
		F15EEC252E84476F00CD6CAD /* Frameworks */ = {
			isa = PBXFrameworksBuildPhase;
			buildActionMask = 2147483647;
			files = (
			);
			runOnlyForDeploymentPostprocessing = 0;
		};
		F15EEC2F2E84476F00CD6CAD /* Frameworks */ = {
			isa = PBXFrameworksBuildPhase;
			buildActionMask = 2147483647;
			files = (
			);
			runOnlyForDeploymentPostprocessing = 0;
		};
/* End PBXFrameworksBuildPhase section */

/* Begin PBXGroup section */
		F15EEC0E2E84476D00CD6CAD = {
			isa = PBXGroup;
			children = (
				F15EEC192E84476D00CD6CAD /* Timetable King */,
				A10000022F00000000000001 /* Timetable King Shared */,
				A10000032F00000000000001 /* Timetable King Widgets */,
				F15EEC2B2E84476F00CD6CAD /* Timetable KingTests */,
				F15EEC352E84476F00CD6CAD /* Timetable KingUITests */,
				F15EEC182E84476D00CD6CAD /* Products */,
			);
			sourceTree = "<group>";
		};
		F15EEC182E84476D00CD6CAD /* Products */ = {
			isa = PBXGroup;
			children = (
				F15EEC172E84476D00CD6CAD /* Timetable King.app */,
				A10000012F00000000000001 /* Timetable King Widgets.appex */,
				F15EEC282E84476F00CD6CAD /* Timetable KingTests.xctest */,
				F15EEC322E84476F00CD6CAD /* Timetable KingUITests.xctest */,
			);
			name = Products;
			sourceTree = "<group>";
		};
/* End PBXGroup section */

/* Begin PBXNativeTarget section */
		A10000092F00000000000001 /* Timetable King Widgets */ = {
			isa = PBXNativeTarget;
			buildConfigurationList = A100000C2F00000000000001 /* Build configuration list for PBXNativeTarget "Timetable King Widgets" */;
			buildPhases = (
				A10000042F00000000000001 /* Sources */,
				A10000052F00000000000001 /* Frameworks */,
				A10000062F00000000000001 /* Resources */,
			);
			buildRules = (
			);
			dependencies = (
			);
			fileSystemSynchronizedGroups = (
				A10000022F00000000000001 /* Timetable King Shared */,
				A10000032F00000000000001 /* Timetable King Widgets */,
			);
			name = "Timetable King Widgets";
			packageProductDependencies = (
			);
			productName = "Timetable King Widgets";
			productReference = A10000012F00000000000001 /* Timetable King Widgets.appex */;
			productType = "com.apple.product-type.app-extension";
		};
		F15EEC162E84476D00CD6CAD /* Timetable King */ = {
			isa = PBXNativeTarget;
			buildConfigurationList = F15EEC3B2E84476F00CD6CAD /* Build configuration list for PBXNativeTarget "Timetable King" */;
			buildPhases = (
				F15EEC132E84476D00CD6CAD /* Sources */,
				F15EEC142E84476D00CD6CAD /* Frameworks */,
				F15EEC152E84476D00CD6CAD /* Resources */,
				A10000072F00000000000001 /* Embed App Extensions */,
			);
			buildRules = (
			);
			dependencies = (
				A100000E2F00000000000001 /* PBXTargetDependency */,
			);
			fileSystemSynchronizedGroups = (
				A10000022F00000000000001 /* Timetable King Shared */,
				F15EEC192E84476D00CD6CAD /* Timetable King */,
			);
			name = "Timetable King";
			packageProductDependencies = (
			);
			productName = "Timetable King";
			productReference = F15EEC172E84476D00CD6CAD /* Timetable King.app */;
			productType = "com.apple.product-type.application";
		};
		F15EEC272E84476F00CD6CAD /* Timetable KingTests */ = {
			isa = PBXNativeTarget;
			buildConfigurationList = F15EEC402E84476F00CD6CAD /* Build configuration list for PBXNativeTarget "Timetable KingTests" */;
			buildPhases = (
				F15EEC242E84476F00CD6CAD /* Sources */,
				F15EEC252E84476F00CD6CAD /* Frameworks */,
				F15EEC262E84476F00CD6CAD /* Resources */,
			);
			buildRules = (
			);
			dependencies = (
				F15EEC2A2E84476F00CD6CAD /* PBXTargetDependency */,
			);
			fileSystemSynchronizedGroups = (
				F15EEC2B2E84476F00CD6CAD /* Timetable KingTests */,
			);
			name = "Timetable KingTests";
			packageProductDependencies = (
			);
			productName = "Timetable KingTests";
			productReference = F15EEC282E84476F00CD6CAD /* Timetable KingTests.xctest */;
			productType = "com.apple.product-type.bundle.unit-test";
		};
		F15EEC312E84476F00CD6CAD /* Timetable KingUITests */ = {
			isa = PBXNativeTarget;
			buildConfigurationList = F15EEC432E84476F00CD6CAD /* Build configuration list for PBXNativeTarget "Timetable KingUITests" */;
			buildPhases = (
				F15EEC2E2E84476F00CD6CAD /* Sources */,
				F15EEC2F2E84476F00CD6CAD /* Frameworks */,
				F15EEC302E84476F00CD6CAD /* Resources */,
			);
			buildRules = (
			);
			dependencies = (
				F15EEC342E84476F00CD6CAD /* PBXTargetDependency */,
			);
			fileSystemSynchronizedGroups = (
				F15EEC352E84476F00CD6CAD /* Timetable KingUITests */,
			);
			name = "Timetable KingUITests";
			packageProductDependencies = (
			);
			productName = "Timetable KingUITests";
			productReference = F15EEC322E84476F00CD6CAD /* Timetable KingUITests.xctest */;
			productType = "com.apple.product-type.bundle.ui-testing";
		};
/* End PBXNativeTarget section */

/* Begin PBXProject section */
		F15EEC0F2E84476D00CD6CAD /* Project object */ = {
			isa = PBXProject;
			attributes = {
				BuildIndependentTargetsInParallel = 1;
				LastSwiftUpdateCheck = 2600;
				LastUpgradeCheck = 2620;
				TargetAttributes = {
					A10000092F00000000000001 = {
						CreatedOnToolsVersion = 26.0;
						SystemCapabilities = {
							com.apple.ApplicationGroups.iOS = {
								enabled = 1;
							};
						};
					};
					F15EEC162E84476D00CD6CAD = {
						CreatedOnToolsVersion = 26.0;
						SystemCapabilities = {
							com.apple.ApplicationGroups.iOS = {
								enabled = 1;
							};
						};
					};
					F15EEC272E84476F00CD6CAD = {
						CreatedOnToolsVersion = 26.0;
						TestTargetID = F15EEC162E84476D00CD6CAD;
					};
					F15EEC312E84476F00CD6CAD = {
						CreatedOnToolsVersion = 26.0;
						TestTargetID = F15EEC162E84476D00CD6CAD;
					};
				};
			};
			buildConfigurationList = F15EEC122E84476D00CD6CAD /* Build configuration list for PBXProject "Timetable King" */;
			developmentRegion = en;
			hasScannedForEncodings = 0;
			knownRegions = (
				en,
				de,
				Base,
			);
			mainGroup = F15EEC0E2E84476D00CD6CAD;
			minimizedProjectReferenceProxies = 1;
			preferredProjectObjectVersion = 77;
			productRefGroup = F15EEC182E84476D00CD6CAD /* Products */;
			projectDirPath = "";
			projectRoot = "";
			targets = (
				F15EEC162E84476D00CD6CAD /* Timetable King */,
				A10000092F00000000000001 /* Timetable King Widgets */,
				F15EEC272E84476F00CD6CAD /* Timetable KingTests */,
				F15EEC312E84476F00CD6CAD /* Timetable KingUITests */,
			);
		};
/* End PBXProject section */

/* Begin PBXResourcesBuildPhase section */
		A10000062F00000000000001 /* Resources */ = {
			isa = PBXResourcesBuildPhase;
			buildActionMask = 2147483647;
			files = (
			);
			runOnlyForDeploymentPostprocessing = 0;
		};
		F15EEC152E84476D00CD6CAD /* Resources */ = {
			isa = PBXResourcesBuildPhase;
			buildActionMask = 2147483647;
			files = (
			);
			runOnlyForDeploymentPostprocessing = 0;
		};
		F15EEC262E84476F00CD6CAD /* Resources */ = {
			isa = PBXResourcesBuildPhase;
			buildActionMask = 2147483647;
			files = (
			);
			runOnlyForDeploymentPostprocessing = 0;
		};
		F15EEC302E84476F00CD6CAD /* Resources */ = {
			isa = PBXResourcesBuildPhase;
			buildActionMask = 2147483647;
			files = (
			);
			runOnlyForDeploymentPostprocessing = 0;
		};
/* End PBXResourcesBuildPhase section */

/* Begin PBXSourcesBuildPhase section */
		A10000042F00000000000001 /* Sources */ = {
			isa = PBXSourcesBuildPhase;
			buildActionMask = 2147483647;
			files = (
			);
			runOnlyForDeploymentPostprocessing = 0;
		};
		F15EEC132E84476D00CD6CAD /* Sources */ = {
			isa = PBXSourcesBuildPhase;
			buildActionMask = 2147483647;
			files = (
			);
			runOnlyForDeploymentPostprocessing = 0;
		};
		F15EEC242E84476F00CD6CAD /* Sources */ = {
			isa = PBXSourcesBuildPhase;
			buildActionMask = 2147483647;
			files = (
			);
			runOnlyForDeploymentPostprocessing = 0;
		};
		F15EEC2E2E84476F00CD6CAD /* Sources */ = {
			isa = PBXSourcesBuildPhase;
			buildActionMask = 2147483647;
			files = (
			);
			runOnlyForDeploymentPostprocessing = 0;
		};
/* End PBXSourcesBuildPhase section */

/* Begin PBXTargetDependency section */
		A100000E2F00000000000001 /* PBXTargetDependency */ = {
			isa = PBXTargetDependency;
			target = A10000092F00000000000001 /* Timetable King Widgets */;
			targetProxy = A100000D2F00000000000001 /* PBXContainerItemProxy */;
		};
		F15EEC2A2E84476F00CD6CAD /* PBXTargetDependency */ = {
			isa = PBXTargetDependency;
			target = F15EEC162E84476D00CD6CAD /* Timetable King */;
			targetProxy = F15EEC292E84476F00CD6CAD /* PBXContainerItemProxy */;
		};
		F15EEC342E84476F00CD6CAD /* PBXTargetDependency */ = {
			isa = PBXTargetDependency;
			target = F15EEC162E84476D00CD6CAD /* Timetable King */;
			targetProxy = F15EEC332E84476F00CD6CAD /* PBXContainerItemProxy */;
		};
/* End PBXTargetDependency section */

/* Begin XCBuildConfiguration section */
		A100000A2F00000000000001 /* Debug */ = {
			isa = XCBuildConfiguration;
			buildSettings = {
				APPLICATION_EXTENSION_API_ONLY = YES;
				CODE_SIGN_ENTITLEMENTS = "Timetable King Widgets/Timetable_King_Widgets.entitlements";
				CODE_SIGN_STYLE = Automatic;
				CURRENT_PROJECT_VERSION = 1;
				DEVELOPMENT_TEAM = 3VX97924XV;
				GENERATE_INFOPLIST_FILE = YES;
				INFOPLIST_FILE = "Timetable King Widgets/Info.plist";
				IPHONEOS_DEPLOYMENT_TARGET = 26.0;
				LD_RUNPATH_SEARCH_PATHS = (
					"$(inherited)",
					"@executable_path/Frameworks",
					"@executable_path/../../Frameworks",
				);
				MARKETING_VERSION = 1.0;
				PRODUCT_BUNDLE_IDENTIFIER = "ch.ak.Timetable-King.Widgets";
				PRODUCT_NAME = "$(TARGET_NAME)";
				SKIP_INSTALL = YES;
				STRING_CATALOG_GENERATE_SYMBOLS = YES;
				SWIFT_APPROACHABLE_CONCURRENCY = YES;
				SWIFT_EMIT_LOC_STRINGS = YES;
				SWIFT_UPCOMING_FEATURE_MEMBER_IMPORT_VISIBILITY = YES;
				SWIFT_VERSION = 5.0;
				TARGETED_DEVICE_FAMILY = "1,2";
			};
			name = Debug;
		};
		A100000B2F00000000000001 /* Release */ = {
			isa = XCBuildConfiguration;
			buildSettings = {
				APPLICATION_EXTENSION_API_ONLY = YES;
				CODE_SIGN_ENTITLEMENTS = "Timetable King Widgets/Timetable_King_Widgets.entitlements";
				CODE_SIGN_STYLE = Automatic;
				CURRENT_PROJECT_VERSION = 1;
				DEVELOPMENT_TEAM = 3VX97924XV;
				GENERATE_INFOPLIST_FILE = YES;
				INFOPLIST_FILE = "Timetable King Widgets/Info.plist";
				IPHONEOS_DEPLOYMENT_TARGET = 26.0;
				LD_RUNPATH_SEARCH_PATHS = (
					"$(inherited)",
					"@executable_path/Frameworks",
					"@executable_path/../../Frameworks",
				);
				MARKETING_VERSION = 1.0;
				PRODUCT_BUNDLE_IDENTIFIER = "ch.ak.Timetable-King.Widgets";
				PRODUCT_NAME = "$(TARGET_NAME)";
				SKIP_INSTALL = YES;
				STRING_CATALOG_GENERATE_SYMBOLS = YES;
				SWIFT_APPROACHABLE_CONCURRENCY = YES;
				SWIFT_EMIT_LOC_STRINGS = YES;
				SWIFT_UPCOMING_FEATURE_MEMBER_IMPORT_VISIBILITY = YES;
				SWIFT_VERSION = 5.0;
				TARGETED_DEVICE_FAMILY = "1,2";
			};
			name = Release;
		};
		F15EEC3C2E84476F00CD6CAD /* Debug */ = {
			isa = XCBuildConfiguration;
			buildSettings = {
				ASSETCATALOG_COMPILER_APPICON_NAME = AppIcon;
				ASSETCATALOG_COMPILER_GLOBAL_ACCENT_COLOR_NAME = AccentColor;
				CODE_SIGN_ENTITLEMENTS = "Timetable King/Timetable_King.entitlements";
				CODE_SIGN_STYLE = Automatic;
				CURRENT_PROJECT_VERSION = 1;
				DEVELOPMENT_TEAM = 3VX97924XV;
				ENABLE_PREVIEWS = YES;
				GENERATE_INFOPLIST_FILE = YES;
				INFOPLIST_FILE = "Timetable King/Info.plist";
				INFOPLIST_KEY_UIApplicationSceneManifest_Generation = YES;
				INFOPLIST_KEY_UIApplicationSupportsIndirectInputEvents = YES;
				INFOPLIST_KEY_UILaunchScreen_Generation = YES;
				INFOPLIST_KEY_UISupportedInterfaceOrientations_iPad = "UIInterfaceOrientationPortrait UIInterfaceOrientationPortraitUpsideDown UIInterfaceOrientationLandscapeLeft UIInterfaceOrientationLandscapeRight";
				INFOPLIST_KEY_UISupportedInterfaceOrientations_iPhone = "UIInterfaceOrientationPortrait UIInterfaceOrientationLandscapeLeft UIInterfaceOrientationLandscapeRight";
				LD_RUNPATH_SEARCH_PATHS = (
					"$(inherited)",
					"@executable_path/Frameworks",
				);
				MARKETING_VERSION = 1.0;
				PRODUCT_BUNDLE_IDENTIFIER = "ch.ak.Timetable-King";
				PRODUCT_NAME = "$(TARGET_NAME)";
				STRING_CATALOG_GENERATE_SYMBOLS = YES;
				SWIFT_APPROACHABLE_CONCURRENCY = YES;
				SWIFT_DEFAULT_ACTOR_ISOLATION = MainActor;
				SWIFT_EMIT_LOC_STRINGS = YES;
				SWIFT_UPCOMING_FEATURE_MEMBER_IMPORT_VISIBILITY = YES;
				SWIFT_VERSION = 5.0;
				TARGETED_DEVICE_FAMILY = "1,2";
			};
			name = Debug;
		};
		F15EEC3D2E84476F00CD6CAD /* Release */ = {
			isa = XCBuildConfiguration;
			buildSettings = {
				ASSETCATALOG_COMPILER_APPICON_NAME = AppIcon;
				ASSETCATALOG_COMPILER_GLOBAL_ACCENT_COLOR_NAME = AccentColor;
				CODE_SIGN_ENTITLEMENTS = "Timetable King/Timetable_King.entitlements";
				CODE_SIGN_STYLE = Automatic;
				CURRENT_PROJECT_VERSION = 1;
				DEVELOPMENT_TEAM = 3VX97924XV;
				ENABLE_PREVIEWS = YES;
				GENERATE_INFOPLIST_FILE = YES;
				INFOPLIST_FILE = "Timetable King/Info.plist";
				INFOPLIST_KEY_UIApplicationSceneManifest_Generation = YES;
				INFOPLIST_KEY_UIApplicationSupportsIndirectInputEvents = YES;
				INFOPLIST_KEY_UILaunchScreen_Generation = YES;
				INFOPLIST_KEY_UISupportedInterfaceOrientations_iPad = "UIInterfaceOrientationPortrait UIInterfaceOrientationPortraitUpsideDown UIInterfaceOrientationLandscapeLeft UIInterfaceOrientationLandscapeRight";
				INFOPLIST_KEY_UISupportedInterfaceOrientations_iPhone = "UIInterfaceOrientationPortrait UIInterfaceOrientationLandscapeLeft UIInterfaceOrientationLandscapeRight";
				LD_RUNPATH_SEARCH_PATHS = (
					"$(inherited)",
					"@executable_path/Frameworks",
				);
				MARKETING_VERSION = 1.0;
				PRODUCT_BUNDLE_IDENTIFIER = "ch.ak.Timetable-King";
				PRODUCT_NAME = "$(TARGET_NAME)";
				STRING_CATALOG_GENERATE_SYMBOLS = YES;
				SWIFT_APPROACHABLE_CONCURRENCY = YES;
				SWIFT_DEFAULT_ACTOR_ISOLATION = MainActor;
				SWIFT_EMIT_LOC_STRINGS = YES;
				SWIFT_UPCOMING_FEATURE_MEMBER_IMPORT_VISIBILITY = YES;
				SWIFT_VERSION = 5.0;
				TARGETED_DEVICE_FAMILY = "1,2";
			};
			name = Release;
		};
		F15EEC3E2E84476F00CD6CAD /* Debug */ = {
			isa = XCBuildConfiguration;
			buildSettings = {
				ALWAYS_SEARCH_USER_PATHS = NO;
				ASSETCATALOG_COMPILER_GENERATE_SWIFT_ASSET_SYMBOL_EXTENSIONS = YES;
				CLANG_ANALYZER_NONNULL = YES;
				CLANG_ANALYZER_NUMBER_OBJECT_CONVERSION = YES_AGGRESSIVE;
				CLANG_CXX_LANGUAGE_STANDARD = "gnu++20";
				CLANG_ENABLE_MODULES = YES;
				CLANG_ENABLE_OBJC_ARC = YES;
				CLANG_ENABLE_OBJC_WEAK = YES;
				CLANG_WARN_BLOCK_CAPTURE_AUTORELEASING = YES;
				CLANG_WARN_BOOL_CONVERSION = YES;
				CLANG_WARN_COMMA = YES;
				CLANG_WARN_CONSTANT_CONVERSION = YES;
				CLANG_WARN_DEPRECATED_OBJC_IMPLEMENTATIONS = YES;
				CLANG_WARN_DIRECT_OBJC_ISA_USAGE = YES_ERROR;
				CLANG_WARN_DOCUMENTATION_COMMENTS = YES;
				CLANG_WARN_EMPTY_BODY = YES;
				CLANG_WARN_ENUM_CONVERSION = YES;
				CLANG_WARN_INFINITE_RECURSION = YES;
				CLANG_WARN_INT_CONVERSION = YES;
				CLANG_WARN_NON_LITERAL_NULL_CONVERSION = YES;
				CLANG_WARN_OBJC_IMPLICIT_RETAIN_SELF = YES;
				CLANG_WARN_OBJC_LITERAL_CONVERSION = YES;
				CLANG_WARN_OBJC_ROOT_CLASS = YES_ERROR;
				CLANG_WARN_QUOTED_INCLUDE_IN_FRAMEWORK_HEADER = YES;
				CLANG_WARN_RANGE_LOOP_ANALYSIS = YES;
				CLANG_WARN_STRICT_PROTOTYPES = YES;
				CLANG_WARN_SUSPICIOUS_MOVE = YES;
				CLANG_WARN_UNGUARDED_AVAILABILITY = YES_AGGRESSIVE;
				CLANG_WARN_UNREACHABLE_CODE = YES;
				CLANG_WARN__DUPLICATE_METHOD_MATCH = YES;
				COPY_PHASE_STRIP = NO;
				DEBUG_INFORMATION_FORMAT = dwarf;
				DEVELOPMENT_TEAM = 3VX97924XV;
				ENABLE_STRICT_OBJC_MSGSEND = YES;
				ENABLE_TESTABILITY = YES;
				ENABLE_USER_SCRIPT_SANDBOXING = YES;
				GCC_C_LANGUAGE_STANDARD = gnu17;
				GCC_DYNAMIC_NO_PIC = NO;
				GCC_NO_COMMON_BLOCKS = YES;
				GCC_OPTIMIZATION_LEVEL = 0;
				GCC_PREPROCESSOR_DEFINITIONS = (
					"DEBUG=1",
					"$(inherited)",
				);
				GCC_WARN_64_TO_32_BIT_CONVERSION = YES;
				GCC_WARN_ABOUT_RETURN_TYPE = YES_ERROR;
				GCC_WARN_UNDECLARED_SELECTOR = YES;
				GCC_WARN_UNINITIALIZED_AUTOS = YES_AGGRESSIVE;
				GCC_WARN_UNUSED_FUNCTION = YES;
				GCC_WARN_UNUSED_VARIABLE = YES;
				IPHONEOS_DEPLOYMENT_TARGET = 26.0;
				LOCALIZATION_PREFERS_STRING_CATALOGS = YES;
				MTL_ENABLE_DEBUG_INFO = INCLUDE_SOURCE;
				MTL_FAST_MATH = YES;
				ONLY_ACTIVE_ARCH = YES;
				SDKROOT = iphoneos;
				STRING_CATALOG_GENERATE_SYMBOLS = YES;
				SWIFT_ACTIVE_COMPILATION_CONDITIONS = "DEBUG $(inherited)";
				SWIFT_OPTIMIZATION_LEVEL = "-Onone";
			};
			name = Debug;
		};
		F15EEC3F2E84476F00CD6CAD /* Release */ = {
			isa = XCBuildConfiguration;
			buildSettings = {
				ALWAYS_SEARCH_USER_PATHS = NO;
				ASSETCATALOG_COMPILER_GENERATE_SWIFT_ASSET_SYMBOL_EXTENSIONS = YES;
				CLANG_ANALYZER_NONNULL = YES;
				CLANG_ANALYZER_NUMBER_OBJECT_CONVERSION = YES_AGGRESSIVE;
				CLANG_CXX_LANGUAGE_STANDARD = "gnu++20";
				CLANG_ENABLE_MODULES = YES;
				CLANG_ENABLE_OBJC_ARC = YES;
				CLANG_ENABLE_OBJC_WEAK = YES;
				CLANG_WARN_BLOCK_CAPTURE_AUTORELEASING = YES;
				CLANG_WARN_BOOL_CONVERSION = YES;
				CLANG_WARN_COMMA = YES;
				CLANG_WARN_CONSTANT_CONVERSION = YES;
				CLANG_WARN_DEPRECATED_OBJC_IMPLEMENTATIONS = YES;
				CLANG_WARN_DIRECT_OBJC_ISA_USAGE = YES_ERROR;
				CLANG_WARN_DOCUMENTATION_COMMENTS = YES;
				CLANG_WARN_EMPTY_BODY = YES;
				CLANG_WARN_ENUM_CONVERSION = YES;
				CLANG_WARN_INFINITE_RECURSION = YES;
				CLANG_WARN_INT_CONVERSION = YES;
				CLANG_WARN_NON_LITERAL_NULL_CONVERSION = YES;
				CLANG_WARN_OBJC_IMPLICIT_RETAIN_SELF = YES;
				CLANG_WARN_OBJC_LITERAL_CONVERSION = YES;
				CLANG_WARN_OBJC_ROOT_CLASS = YES_ERROR;
				CLANG_WARN_QUOTED_INCLUDE_IN_FRAMEWORK_HEADER = YES;
				CLANG_WARN_RANGE_LOOP_ANALYSIS = YES;
				CLANG_WARN_STRICT_PROTOTYPES = YES;
				CLANG_WARN_SUSPICIOUS_MOVE = YES;
				CLANG_WARN_UNGUARDED_AVAILABILITY = YES_AGGRESSIVE;
				CLANG_WARN_UNREACHABLE_CODE = YES;
				CLANG_WARN__DUPLICATE_METHOD_MATCH = YES;
				COPY_PHASE_STRIP = NO;
				DEBUG_INFORMATION_FORMAT = "dwarf-with-dsym";
				DEVELOPMENT_TEAM = 3VX97924XV;
				ENABLE_NS_ASSERTIONS = NO;
				ENABLE_STRICT_OBJC_MSGSEND = YES;
				ENABLE_USER_SCRIPT_SANDBOXING = YES;
				GCC_C_LANGUAGE_STANDARD = gnu17;
				GCC_NO_COMMON_BLOCKS = YES;
				GCC_WARN_64_TO_32_BIT_CONVERSION = YES;
				GCC_WARN_ABOUT_RETURN_TYPE = YES_ERROR;
				GCC_WARN_UNDECLARED_SELECTOR = YES;
				GCC_WARN_UNINITIALIZED_AUTOS = YES_AGGRESSIVE;
				GCC_WARN_UNUSED_FUNCTION = YES;
				GCC_WARN_UNUSED_VARIABLE = YES;
				IPHONEOS_DEPLOYMENT_TARGET = 26.0;
				LOCALIZATION_PREFERS_STRING_CATALOGS = YES;
				MTL_ENABLE_DEBUG_INFO = NO;
				MTL_FAST_MATH = YES;
				SDKROOT = iphoneos;
				STRING_CATALOG_GENERATE_SYMBOLS = YES;
				SWIFT_COMPILATION_MODE = wholemodule;
				VALIDATE_PRODUCT = YES;
			};
			name = Release;
		};
		F15EEC412E84476F00CD6CAD /* Debug */ = {
			isa = XCBuildConfiguration;
			buildSettings = {
				BUNDLE_LOADER = "$(TEST_HOST)";
				CODE_SIGN_STYLE = Automatic;
				CURRENT_PROJECT_VERSION = 1;
				DEVELOPMENT_TEAM = 3VX97924XV;
				GENERATE_INFOPLIST_FILE = YES;
				IPHONEOS_DEPLOYMENT_TARGET = 26.0;
				MARKETING_VERSION = 1.0;
				PRODUCT_BUNDLE_IDENTIFIER = "ch.ak.Timetable-KingTests";
				PRODUCT_NAME = "$(TARGET_NAME)";
				STRING_CATALOG_GENERATE_SYMBOLS = NO;
				SWIFT_APPROACHABLE_CONCURRENCY = YES;
				SWIFT_EMIT_LOC_STRINGS = NO;
				SWIFT_UPCOMING_FEATURE_MEMBER_IMPORT_VISIBILITY = YES;
				SWIFT_VERSION = 5.0;
				TARGETED_DEVICE_FAMILY = "1,2";
				TEST_HOST = "$(BUILT_PRODUCTS_DIR)/Timetable King.app/$(BUNDLE_EXECUTABLE_FOLDER_PATH)/Timetable King";
			};
			name = Debug;
		};
		F15EEC422E84476F00CD6CAD /* Release */ = {
			isa = XCBuildConfiguration;
			buildSettings = {
				BUNDLE_LOADER = "$(TEST_HOST)";
				CODE_SIGN_STYLE = Automatic;
				CURRENT_PROJECT_VERSION = 1;
				DEVELOPMENT_TEAM = 3VX97924XV;
				GENERATE_INFOPLIST_FILE = YES;
				IPHONEOS_DEPLOYMENT_TARGET = 26.0;
				MARKETING_VERSION = 1.0;
				PRODUCT_BUNDLE_IDENTIFIER = "ch.ak.Timetable-KingTests";
				PRODUCT_NAME = "$(TARGET_NAME)";
				STRING_CATALOG_GENERATE_SYMBOLS = NO;
				SWIFT_APPROACHABLE_CONCURRENCY = YES;
				SWIFT_EMIT_LOC_STRINGS = NO;
				SWIFT_UPCOMING_FEATURE_MEMBER_IMPORT_VISIBILITY = YES;
				SWIFT_VERSION = 5.0;
				TARGETED_DEVICE_FAMILY = "1,2";
				TEST_HOST = "$(BUILT_PRODUCTS_DIR)/Timetable King.app/$(BUNDLE_EXECUTABLE_FOLDER_PATH)/Timetable King";
			};
			name = Release;
		};
		F15EEC442E84476F00CD6CAD /* Debug */ = {
			isa = XCBuildConfiguration;
			buildSettings = {
				CODE_SIGN_STYLE = Automatic;
				CURRENT_PROJECT_VERSION = 1;
				DEVELOPMENT_TEAM = 3VX97924XV;
				GENERATE_INFOPLIST_FILE = YES;
				MARKETING_VERSION = 1.0;
				PRODUCT_BUNDLE_IDENTIFIER = "ch.ak.Timetable-KingUITests";
				PRODUCT_NAME = "$(TARGET_NAME)";
				STRING_CATALOG_GENERATE_SYMBOLS = NO;
				SWIFT_APPROACHABLE_CONCURRENCY = YES;
				SWIFT_EMIT_LOC_STRINGS = NO;
				SWIFT_UPCOMING_FEATURE_MEMBER_IMPORT_VISIBILITY = YES;
				SWIFT_VERSION = 5.0;
				TARGETED_DEVICE_FAMILY = "1,2";
				TEST_TARGET_NAME = "Timetable King";
			};
			name = Debug;
		};
		F15EEC452E84476F00CD6CAD /* Release */ = {
			isa = XCBuildConfiguration;
			buildSettings = {
				CODE_SIGN_STYLE = Automatic;
				CURRENT_PROJECT_VERSION = 1;
				DEVELOPMENT_TEAM = 3VX97924XV;
				GENERATE_INFOPLIST_FILE = YES;
				MARKETING_VERSION = 1.0;
				PRODUCT_BUNDLE_IDENTIFIER = "ch.ak.Timetable-KingUITests";
				PRODUCT_NAME = "$(TARGET_NAME)";
				STRING_CATALOG_GENERATE_SYMBOLS = NO;
				SWIFT_APPROACHABLE_CONCURRENCY = YES;
				SWIFT_EMIT_LOC_STRINGS = NO;
				SWIFT_UPCOMING_FEATURE_MEMBER_IMPORT_VISIBILITY = YES;
				SWIFT_VERSION = 5.0;
				TARGETED_DEVICE_FAMILY = "1,2";
				TEST_TARGET_NAME = "Timetable King";
			};
			name = Release;
		};
/* End XCBuildConfiguration section */

/* Begin XCConfigurationList section */
		A100000C2F00000000000001 /* Build configuration list for PBXNativeTarget "Timetable King Widgets" */ = {
			isa = XCConfigurationList;
			buildConfigurations = (
				A100000A2F00000000000001 /* Debug */,
				A100000B2F00000000000001 /* Release */,
			);
			defaultConfigurationIsVisible = 0;
			defaultConfigurationName = Release;
		};
		F15EEC122E84476D00CD6CAD /* Build configuration list for PBXProject "Timetable King" */ = {
			isa = XCConfigurationList;
			buildConfigurations = (
				F15EEC3E2E84476F00CD6CAD /* Debug */,
				F15EEC3F2E84476F00CD6CAD /* Release */,
			);
			defaultConfigurationIsVisible = 0;
			defaultConfigurationName = Release;
		};
		F15EEC3B2E84476F00CD6CAD /* Build configuration list for PBXNativeTarget "Timetable King" */ = {
			isa = XCConfigurationList;
			buildConfigurations = (
				F15EEC3C2E84476F00CD6CAD /* Debug */,
				F15EEC3D2E84476F00CD6CAD /* Release */,
			);
			defaultConfigurationIsVisible = 0;
			defaultConfigurationName = Release;
		};
		F15EEC402E84476F00CD6CAD /* Build configuration list for PBXNativeTarget "Timetable KingTests" */ = {
			isa = XCConfigurationList;
			buildConfigurations = (
				F15EEC412E84476F00CD6CAD /* Debug */,
				F15EEC422E84476F00CD6CAD /* Release */,
			);
			defaultConfigurationIsVisible = 0;
			defaultConfigurationName = Release;
		};
		F15EEC432E84476F00CD6CAD /* Build configuration list for PBXNativeTarget "Timetable KingUITests" */ = {
			isa = XCConfigurationList;
			buildConfigurations = (
				F15EEC442E84476F00CD6CAD /* Debug */,
				F15EEC452E84476F00CD6CAD /* Release */,
			);
			defaultConfigurationIsVisible = 0;
			defaultConfigurationName = Release;
		};
/* End XCConfigurationList section */
	};
	rootObject = F15EEC0F2E84476D00CD6CAD /* Project object */;
}
